
Microsoft Visual Studio Solution File, Format Version 12.00
# Visual Studio Version 17
VisualStudioVersion = 17.4.33213.308
MinimumVisualStudioVersion = 10.0.40219.1
Project("{FAE04EC0-301F-11D3-BF4B-00C04F79EFBC}") = "Rota Thomas - 7 - Classe Automobile", "Rota Thomas - 7 - Classe Automobile\Rota Thomas - 7 - Classe Automobile.csproj", "{AFB6198C-5DB9-4918-A84A-0EEFCDC1DD0A}"
EndProject
Global
	GlobalSection(SolutionConfigurationPlatforms) = preSolution
		Debug|Any CPU = Debug|Any CPU
		Release|Any CPU = Release|Any CPU
	EndGlobalSection
	GlobalSection(ProjectConfigurationPlatforms) = postSolution
		{AFB6198C-5DB9-4918-A84A-0EEFCDC1DD0A}.Debug|Any CPU.ActiveCfg = Debug|Any CPU
		{AFB6198C-5DB9-4918-A84A-0EEFCDC1DD0A}.Debug|Any CPU.Build.0 = Debug|Any CPU
		{AFB6198C-5DB9-4918-A84A-0EEFCDC1DD0A}.Release|Any CPU.ActiveCfg = Release|Any CPU
		{AFB6198C-5DB9-4918-A84A-0EEFCDC1DD0A}.Release|Any CPU.Build.0 = Release|Any CPU
	EndGlobalSection
	GlobalSection(SolutionProperties) = preSolution
		HideSolutionNode = FALSE
	EndGlobalSection
	GlobalSection(ExtensibilityGlobals) = postSolution
		SolutionGuid = {26C4E91A-51A5-4AE2-A4C9-E2273393F33A}
	EndGlobalSection
EndGlobal
